// !$*UTF8*$!
{
	archiveVersion = 1;
	classes = {
	};
	objectVersion = 50;
	objects = {

/* Begin PBXBuildFile section */
		25B24EC8258B9AB4001CFAF6 /* CryptoViewModel.swift in Sources */ = {isa = PBXBuildFile; fileRef = 25B24EC7258B9AB4001CFAF6 /* CryptoViewModel.swift */; };
		25BF40FB25881C29000E92E2 /* AppDelegate.swift in Sources */ = {isa = PBXBuildFile; fileRef = 25BF40FA25881C29000E92E2 /* AppDelegate.swift */; };
		25BF40FD25881C29000E92E2 /* SceneDelegate.swift in Sources */ = {isa = PBXBuildFile; fileRef = 25BF40FC25881C29000E92E2 /* SceneDelegate.swift */; };
		25BF40FF25881C29000E92E2 /* ViewController.swift in Sources */ = {isa = PBXBuildFile; fileRef = 25BF40FE25881C29000E92E2 /* ViewController.swift */; };
		25BF410225881C29000E92E2 /* Main.storyboard in Resources */ = {isa = PBXBuildFile; fileRef = 25BF410025881C29000E92E2 /* Main.storyboard */; };
		25BF410425881C31000E92E2 /* Assets.xcassets in Resources */ = {isa = PBXBuildFile; fileRef = 25BF410325881C31000E92E2 /* Assets.xcassets */; };
		25BF410725881C31000E92E2 /* LaunchScreen.storyboard in Resources */ = {isa = PBXBuildFile; fileRef = 25BF410525881C31000E92E2 /* LaunchScreen.storyboard */; };
		25BF411025881D81000E92E2 /* CryptoTableViewCell.swift in Sources */ = {isa = PBXBuildFile; fileRef = 25BF410F25881D81000E92E2 /* CryptoTableViewCell.swift */; };
		25BF411825882158000E92E2 /* CryptoCurrency.swift in Sources */ = {isa = PBXBuildFile; fileRef = 25BF411725882158000E92E2 /* CryptoCurrency.swift */; };
		25BF411B2588224F000E92E2 /* Webservice.swift in Sources */ = {isa = PBXBuildFile; fileRef = 25BF411A2588224F000E92E2 /* Webservice.swift */; };
/* End PBXBuildFile section */

/* Begin PBXFileReference section */
		25B24EC7258B9AB4001CFAF6 /* CryptoViewModel.swift */ = {isa = PBXFileReference; lastKnownFileType = sourcecode.swift; path = CryptoViewModel.swift; sourceTree = "<group>"; };
		25BF40F725881C29000E92E2 /* CryptoCrazy.app */ = {isa = PBXFileReference; explicitFileType = wrapper.application; includeInIndex = 0; path = CryptoCrazy.app; sourceTree = BUILT_PRODUCTS_DIR; };
		25BF40FA25881C29000E92E2 /* AppDelegate.swift */ = {isa = PBXFileReference; lastKnownFileType = sourcecode.swift; path = AppDelegate.swift; sourceTree = "<group>"; };
		25BF40FC25881C29000E92E2 /* SceneDelegate.swift */ = {isa = PBXFileReference; lastKnownFileType = sourcecode.swift; path = SceneDelegate.swift; sourceTree = "<group>"; };
		25BF40FE25881C29000E92E2 /* ViewController.swift */ = {isa = PBXFileReference; lastKnownFileType = sourcecode.swift; path = ViewController.swift; sourceTree = "<group>"; };
		25BF410125881C29000E92E2 /* Base */ = {isa = PBXFileReference; lastKnownFileType = file.storyboard; name = Base; path = Base.lproj/Main.storyboard; sourceTree = "<group>"; };
		25BF410325881C31000E92E2 /* Assets.xcassets */ = {isa = PBXFileReference; lastKnownFileType = folder.assetcatalog; path = Assets.xcassets; sourceTree = "<group>"; };
		25BF410625881C31000E92E2 /* Base */ = {isa = PBXFileReference; lastKnownFileType = file.storyboard; name = Base; path = Base.lproj/LaunchScreen.storyboard; sourceTree = "<group>"; };
		25BF410825881C31000E92E2 /* Info.plist */ = {isa = PBXFileReference; lastKnownFileType = text.plist.xml; path = Info.plist; sourceTree = "<group>"; };
		25BF410F25881D81000E92E2 /* CryptoTableViewCell.swift */ = {isa = PBXFileReference; lastKnownFileType = sourcecode.swift; path = CryptoTableViewCell.swift; sourceTree = "<group>"; };
		25BF411725882158000E92E2 /* CryptoCurrency.swift */ = {isa = PBXFileReference; lastKnownFileType = sourcecode.swift; path = CryptoCurrency.swift; sourceTree = "<group>"; };
		25BF411A2588224F000E92E2 /* Webservice.swift */ = {isa = PBXFileReference; lastKnownFileType = sourcecode.swift; path = Webservice.swift; sourceTree = "<group>"; };
/* End PBXFileReference section */

/* Begin PBXFrameworksBuildPhase section */
		25BF40F425881C28000E92E2 /* Frameworks */ = {
			isa = PBXFrameworksBuildPhase;
			buildActionMask = 2147483647;
			files = (
			);
			runOnlyForDeploymentPostprocessing = 0;
		};
/* End PBXFrameworksBuildPhase section */

/* Begin PBXGroup section */
		25BF40EE25881C28000E92E2 = {
			isa = PBXGroup;
			children = (
				25BF40F925881C29000E92E2 /* CryptoCrazy */,
				25BF40F825881C29000E92E2 /* Products */,
			);
			sourceTree = "<group>";
		};
		25BF40F825881C29000E92E2 /* Products */ = {
			isa = PBXGroup;
			children = (
				25BF40F725881C29000E92E2 /* CryptoCrazy.app */,
			);
			name = Products;
			sourceTree = "<group>";
		};
		25BF40F925881C29000E92E2 /* CryptoCrazy */ = {
			isa = PBXGroup;
			children = (
				25BF411625882128000E92E2 /* Service */,
				25BF411525882120000E92E2 /* ViewModel */,
				25BF41142588211A000E92E2 /* Model */,
				25BF411325882112000E92E2 /* View */,
				25BF410025881C29000E92E2 /* Main.storyboard */,
				25BF410325881C31000E92E2 /* Assets.xcassets */,
				25BF410525881C31000E92E2 /* LaunchScreen.storyboard */,
				25BF410825881C31000E92E2 /* Info.plist */,
			);
			path = CryptoCrazy;
			sourceTree = "<group>";
		};
		25BF411325882112000E92E2 /* View */ = {
			isa = PBXGroup;
			children = (
				25BF40FA25881C29000E92E2 /* AppDelegate.swift */,
				25BF40FC25881C29000E92E2 /* SceneDelegate.swift */,
				25BF40FE25881C29000E92E2 /* ViewController.swift */,
				25BF410F25881D81000E92E2 /* CryptoTableViewCell.swift */,
			);
			path = View;
			sourceTree = "<group>";
		};
		25BF41142588211A000E92E2 /* Model */ = {
			isa = PBXGroup;
			children = (
				25BF411725882158000E92E2 /* CryptoCurrency.swift */,
			);
			path = Model;
			sourceTree = "<group>";
		};
		25BF411525882120000E92E2 /* ViewModel */ = {
			isa = PBXGroup;
			children = (
				25B24EC7258B9AB4001CFAF6 /* CryptoViewModel.swift */,
			);
			path = ViewModel;
			sourceTree = "<group>";
		};
		25BF411625882128000E92E2 /* Service */ = {
			isa = PBXGroup;
			children = (
				25BF411A2588224F000E92E2 /* Webservice.swift */,
			);
			path = Service;
			sourceTree = "<group>";
		};
/* End PBXGroup section */

/* Begin PBXNativeTarget section */
		25BF40F625881C28000E92E2 /* CryptoCrazy */ = {
			isa = PBXNativeTarget;
			buildConfigurationList = 25BF410B25881C31000E92E2 /* Build configuration list for PBXNativeTarget "CryptoCrazy" */;
			buildPhases = (
				25BF40F325881C28000E92E2 /* Sources */,
				25BF40F425881C28000E92E2 /* Frameworks */,
				25BF40F525881C28000E92E2 /* Resources */,
			);
			buildRules = (
			);
			dependencies = (
			);
			name = CryptoCrazy;
			productName = CryptoCrazy;
			productReference = 25BF40F725881C29000E92E2 /* CryptoCrazy.app */;
			productType = "com.apple.product-type.application";
		};
/* End PBXNativeTarget section */

/* Begin PBXProject section */
		25BF40EF25881C28000E92E2 /* Project object */ = {
			isa = PBXProject;
			attributes = {
				LastSwiftUpdateCheck = 1220;
				LastUpgradeCheck = 1220;
				TargetAttributes = {
					25BF40F625881C28000E92E2 = {
						CreatedOnToolsVersion = 12.2;
					};
				};
			};
			buildConfigurationList = 25BF40F225881C28000E92E2 /* Build configuration list for PBXProject "CryptoCrazy" */;
			compatibilityVersion = "Xcode 9.3";
			developmentRegion = en;
			hasScannedForEncodings = 0;
			knownRegions = (
				en,
				Base,
			);
			mainGroup = 25BF40EE25881C28000E92E2;
			productRefGroup = 25BF40F825881C29000E92E2 /* Products */;
			projectDirPath = "";
			projectRoot = "";
			targets = (
				25BF40F625881C28000E92E2 /* CryptoCrazy */,
			);
		};
/* End PBXProject section */

/* Begin PBXResourcesBuildPhase section */
		25BF40F525881C28000E92E2 /* Resources */ = {
			isa = PBXResourcesBuildPhase;
			buildActionMask = 2147483647;
			files = (
				25BF410725881C31000E92E2 /* LaunchScreen.storyboard in Resources */,
				25BF410425881C31000E92E2 /* Assets.xcassets in Resources */,
				25BF410225881C29000E92E2 /* Main.storyboard in Resources */,
			);
			runOnlyForDeploymentPostprocessing = 0;
		};
/* End PBXResourcesBuildPhase section */

/* Begin PBXSourcesBuildPhase section */
		25BF40F325881C28000E92E2 /* Sources */ = {
			isa = PBXSourcesBuildPhase;
			buildActionMask = 2147483647;
			files = (
				25BF411025881D81000E92E2 /* CryptoTableViewCell.swift in Sources */,
				25BF40FF25881C29000E92E2 /* ViewController.swift in Sources */,
				25BF411B2588224F000E92E2 /* Webservice.swift in Sources */,
				25B24EC8258B9AB4001CFAF6 /* CryptoViewModel.swift in Sources */,
				25BF40FB25881C29000E92E2 /* AppDelegate.swift in Sources */,
				25BF411825882158000E92E2 /* CryptoCurrency.swift in Sources */,
				25BF40FD25881C29000E92E2 /* SceneDelegate.swift in Sources */,
			);
			runOnlyForDeploymentPostprocessing = 0;
		};
/* End PBXSourcesBuildPhase section */

/* Begin PBXVariantGroup section */
		25BF410025881C29000E92E2 /* Main.storyboard */ = {
			isa = PBXVariantGroup;
			children = (
				25BF410125881C29000E92E2 /* Base */,
			);
			name = Main.storyboard;
			sourceTree = "<group>";
		};
		25BF410525881C31000E92E2 /* LaunchScreen.storyboard */ = {
			isa = PBXVariantGroup;
			children = (
				25BF410625881C31000E92E2 /* Base */,
			);
			name = LaunchScreen.storyboard;
			sourceTree = "<group>";
		};
/* End PBXVariantGroup section */

/* Begin XCBuildConfiguration section */
		25BF410925881C31000E92E2 /* Debug */ = {
			isa = XCBuildConfiguration;
			buildSettings = {
				ALWAYS_SEARCH_USER_PATHS = NO;
				CLANG_ANALYZER_NONNULL = YES;
				CLANG_ANALYZER_NUMBER_OBJECT_CONVERSION = YES_AGGRESSIVE;
				CLANG_CXX_LANGUAGE_STANDARD = "gnu++14";
				CLANG_CXX_LIBRARY = "libc++";
				CLANG_ENABLE_MODULES = YES;
				CLANG_ENABLE_OBJC_ARC = YES;
				CLANG_ENABLE_OBJC_WEAK = YES;
				CLANG_WARN_BLOCK_CAPTURE_AUTORELEASING = YES;
				CLANG_WARN_BOOL_CONVERSION = YES;
				CLANG_WARN_COMMA = YES;
				CLANG_WARN_CONSTANT_CONVERSION = YES;
				CLANG_WARN_DEPRECATED_OBJC_IMPLEMENTATIONS = YES;
				CLANG_WARN_DIRECT_OBJC_ISA_USAGE = YES_ERROR;
				CLANG_WARN_DOCUMENTATION_COMMENTS = YES;
				CLANG_WARN_EMPTY_BODY = YES;
				CLANG_WARN_ENUM_CONVERSION = YES;
				CLANG_WARN_INFINITE_RECURSION = YES;
				CLANG_WARN_INT_CONVERSION = YES;
				CLANG_WARN_NON_LITERAL_NULL_CONVERSION = YES;
				CLANG_WARN_OBJC_IMPLICIT_RETAIN_SELF = YES;
				CLANG_WARN_OBJC_LITERAL_CONVERSION = YES;
				CLANG_WARN_OBJC_ROOT_CLASS = YES_ERROR;
				CLANG_WARN_QUOTED_INCLUDE_IN_FRAMEWORK_HEADER = YES;
				CLANG_WARN_RANGE_LOOP_ANALYSIS = YES;
				CLANG_WARN_STRICT_PROTOTYPES = YES;
				CLANG_WARN_SUSPICIOUS_MOVE = YES;
				CLANG_WARN_UNGUARDED_AVAILABILITY = YES_AGGRESSIVE;
				CLANG_WARN_UNREACHABLE_CODE = YES;
				CLANG_WARN__DUPLICATE_METHOD_MATCH = YES;
				COPY_PHASE_STRIP = NO;
				DEBUG_INFORMATION_FORMAT = dwarf;
				ENABLE_STRICT_OBJC_MSGSEND = YES;
				ENABLE_TESTABILITY = YES;
				GCC_C_LANGUAGE_STANDARD = gnu11;
				GCC_DYNAMIC_NO_PIC = NO;
				GCC_NO_COMMON_BLOCKS = YES;
				GCC_OPTIMIZATION_LEVEL = 0;
				GCC_PREPROCESSOR_DEFINITIONS = (
					"DEBUG=1",
					"$(inherited)",
				);
				GCC_WARN_64_TO_32_BIT_CONVERSION = YES;
				GCC_WARN_ABOUT_RETURN_TYPE = YES_ERROR;
				GCC_WARN_UNDECLARED_SELECTOR = YES;
				GCC_WARN_UNINITIALIZED_AUTOS = YES_AGGRESSIVE;
				GCC_WARN_UNUSED_FUNCTION = YES;
				GCC_WARN_UNUSED_VARIABLE = YES;
				IPHONEOS_DEPLOYMENT_TARGET = 13.0;
				MTL_ENABLE_DEBUG_INFO = INCLUDE_SOURCE;
				MTL_FAST_MATH = YES;
				ONLY_ACTIVE_ARCH = YES;
				SDKROOT = iphoneos;
				SWIFT_ACTIVE_COMPILATION_CONDITIONS = DEBUG;
				SWIFT_OPTIMIZATION_LEVEL = "-Onone";
			};
			name = Debug;
		};
		25BF410A25881C31000E92E2 /* Release */ = {
			isa = XCBuildConfiguration;
			buildSettings = {
				ALWAYS_SEARCH_USER_PATHS = NO;
				CLANG_ANALYZER_NONNULL = YES;
				CLANG_ANALYZER_NUMBER_OBJECT_CONVERSION = YES_AGGRESSIVE;
				CLANG_CXX_LANGUAGE_STANDARD = "gnu++14";
				CLANG_CXX_LIBRARY = "libc++";
				CLANG_ENABLE_MODULES = YES;
				CLANG_ENABLE_OBJC_ARC = YES;
				CLANG_ENABLE_OBJC_WEAK = YES;
				CLANG_WARN_BLOCK_CAPTURE_AUTORELEASING = YES;
				CLANG_WARN_BOOL_CONVERSION = YES;
				CLANG_WARN_COMMA = YES;
				CLANG_WARN_CONSTANT_CONVERSION = YES;
				CLANG_WARN_DEPRECATED_OBJC_IMPLEMENTATIONS = YES;
				CLANG_WARN_DIRECT_OBJC_ISA_USAGE = YES_ERROR;
				CLANG_WARN_DOCUMENTATION_COMMENTS = YES;
				CLANG_WARN_EMPTY_BODY = YES;
				CLANG_WARN_ENUM_CONVERSION = YES;
				CLANG_WARN_INFINITE_RECURSION = YES;
				CLANG_WARN_INT_CONVERSION = YES;
				CLANG_WARN_NON_LITERAL_NULL_CONVERSION = YES;
				CLANG_WARN_OBJC_IMPLICIT_RETAIN_SELF = YES;
				CLANG_WARN_OBJC_LITERAL_CONVERSION = YES;
				CLANG_WARN_OBJC_ROOT_CLASS = YES_ERROR;
				CLANG_WARN_QUOTED_INCLUDE_IN_FRAMEWORK_HEADER = YES;
				CLANG_WARN_RANGE_LOOP_ANALYSIS = YES;
				CLANG_WARN_STRICT_PROTOTYPES = YES;
				CLANG_WARN_SUSPICIOUS_MOVE = YES;
				CLANG_WARN_UNGUARDED_AVAILABILITY = YES_AGGRESSIVE;
				CLANG_WARN_UNREACHABLE_CODE = YES;
				CLANG_WARN__DUPLICATE_METHOD_MATCH = YES;
				COPY_PHASE_STRIP = NO;
				DEBUG_INFORMATION_FORMAT = "dwarf-with-dsym";
				ENABLE_NS_ASSERTIONS = NO;
				ENABLE_STRICT_OBJC_MSGSEND = YES;
				GCC_C_LANGUAGE_STANDARD = gnu11;
				GCC_NO_COMMON_BLOCKS = YES;
				GCC_WARN_64_TO_32_BIT_CONVERSION = YES;
				GCC_WARN_ABOUT_RETURN_TYPE = YES_ERROR;
				GCC_WARN_UNDECLARED_SELECTOR = YES;
				GCC_WARN_UNINITIALIZED_AUTOS = YES_AGGRESSIVE;
				GCC_WARN_UNUSED_FUNCTION = YES;
				GCC_WARN_UNUSED_VARIABLE = YES;
				IPHONEOS_DEPLOYMENT_TARGET = 13.0;
				MTL_ENABLE_DEBUG_INFO = NO;
				MTL_FAST_MATH = YES;
				SDKROOT = iphoneos;
				SWIFT_COMPILATION_MODE = wholemodule;
				SWIFT_OPTIMIZATION_LEVEL = "-O";
				VALIDATE_PRODUCT = YES;
			};
			name = Release;
		};
		25BF410C25881C31000E92E2 /* Debug */ = {
			isa = XCBuildConfiguration;
			buildSettings = {
				ASSETCATALOG_COMPILER_APPICON_NAME = AppIcon;
				ASSETCATALOG_COMPILER_GLOBAL_ACCENT_COLOR_NAME = AccentColor;
				CODE_SIGN_STYLE = Automatic;
				DEVELOPMENT_TEAM = CYR48D66K6;
				INFOPLIST_FILE = CryptoCrazy/Info.plist;
				LD_RUNPATH_SEARCH_PATHS = (
					"$(inherited)",
					"@executable_path/Frameworks",
				);
				PRODUCT_BUNDLE_IDENTIFIER = com.aytug.CryptoCrazy;
				PRODUCT_NAME = "$(TARGET_NAME)";
				SWIFT_VERSION = 5.0;
				TARGETED_DEVICE_FAMILY = "1,2";
			};
			name = Debug;
		};
		25BF410D25881C31000E92E2 /* Release */ = {
			isa = XCBuildConfiguration;
			buildSettings = {
				ASSETCATALOG_COMPILER_APPICON_NAME = AppIcon;
				ASSETCATALOG_COMPILER_GLOBAL_ACCENT_COLOR_NAME = AccentColor;
				CODE_SIGN_STYLE = Automatic;
				DEVELOPMENT_TEAM = CYR48D66K6;
				INFOPLIST_FILE = CryptoCrazy/Info.plist;
				LD_RUNPATH_SEARCH_PATHS = (
					"$(inherited)",
					"@executable_path/Frameworks",
				);
				PRODUCT_BUNDLE_IDENTIFIER = com.aytug.CryptoCrazy;
				PRODUCT_NAME = "$(TARGET_NAME)";
				SWIFT_VERSION = 5.0;
				TARGETED_DEVICE_FAMILY = "1,2";
			};
			name = Release;
		};
/* End XCBuildConfiguration section */

/* Begin XCConfigurationList section */
		25BF40F225881C28000E92E2 /* Build configuration list for PBXProject "CryptoCrazy" */ = {
			isa = XCConfigurationList;
			buildConfigurations = (
				25BF410925881C31000E92E2 /* Debug */,
				25BF410A25881C31000E92E2 /* Release */,
			);
			defaultConfigurationIsVisible = 0;
			defaultConfigurationName = Release;
		};
		25BF410B25881C31000E92E2 /* Build configuration list for PBXNativeTarget "CryptoCrazy" */ = {
			isa = XCConfigurationList;
			buildConfigurations = (
				25BF410C25881C31000E92E2 /* Debug */,
				25BF410D25881C31000E92E2 /* Release */,
			);
			defaultConfigurationIsVisible = 0;
			defaultConfigurationName = Release;
		};
/* End XCConfigurationList section */
	};
	rootObject = 25BF40EF25881C28000E92E2 /* Project object */;
}
